
Microsoft Visual Studio Solution File, Format Version 12.00
# Visual Studio Version 17
VisualStudioVersion = 17.10.34928.147
MinimumVisualStudioVersion = 10.0.40219.1
Project("{FAE04EC0-301F-11D3-BF4B-00C04F79EFBC}") = "bai1", "bai1\bai1.csproj", "{574C53BF-A2FB-4BFC-81DD-E5D64D5DE4A0}"
EndProject
Global
	GlobalSection(SolutionConfigurationPlatforms) = preSolution
		Debug|Any CPU = Debug|Any CPU
		Release|Any CPU = Release|Any CPU
	EndGlobalSection
	GlobalSection(ProjectConfigurationPlatforms) = postSolution
		{574C53BF-A2FB-4BFC-81DD-E5D64D5DE4A0}.Debug|Any CPU.ActiveCfg = Debug|Any CPU
		{574C53BF-A2FB-4BFC-81DD-E5D64D5DE4A0}.Debug|Any CPU.Build.0 = Debug|Any CPU
		{574C53BF-A2FB-4BFC-81DD-E5D64D5DE4A0}.Release|Any CPU.ActiveCfg = Release|Any CPU
		{574C53BF-A2FB-4BFC-81DD-E5D64D5DE4A0}.Release|Any CPU.Build.0 = Release|Any CPU
	EndGlobalSection
	GlobalSection(SolutionProperties) = preSolution
		HideSolutionNode = FALSE
	EndGlobalSection
	GlobalSection(ExtensibilityGlobals) = postSolution
		SolutionGuid = {034140C9-09D7-4181-8F64-749C599326B4}
	EndGlobalSection
EndGlobal
